
Microsoft Visual Studio Solution File, Format Version 12.00
# Visual Studio Version 16
VisualStudioVersion = 16.0.31105.61
MinimumVisualStudioVersion = 10.0.40219.1
Project("{8BC9CEB8-8B4A-11D0-8D11-00A0C91BC942}") = "PipelineBenchmark", "PipelineBenchmark.vcxproj", "{D91C8DC2-E375-4067-BCF8-9B0C713E4FBA}"
EndProject
Global
	GlobalSection(SolutionConfigurationPlatforms) = preSolution
		Debug|x64 = Debug|x64
		Debug|x86 = Debug|x86
		Release|x64 = Release|x64
		Release|x86 = Release|x86
	EndGlobalSection
	GlobalSection(ProjectConfigurationPlatforms) = postSolution
		{D91C8DC2-E375-4067-BCF8-9B0C713E4FBA}.Debug|x64.ActiveCfg = Debug|x64
		{D91C8DC2-E375-4067-BCF8-9B0C713E4FBA}.Debug|x64.Build.0 = Debug|x64
		{D91C8DC2-E375-4067-BCF8-9B0C713E4FBA}.Debug|x86.ActiveCfg = Debug|Win32
		{D91C8DC2-E375-4067-BCF8-9B0C713E4FBA}.Debug|x86.Build.0 = Debug|Win32
		{D91C8DC2-E375-4067-BCF8-9B0C713E4FBA}.Release|x64.ActiveCfg = Release|x64
		{D91C8DC2-E375-4067-BCF8-9B0C713E4FBA}.Release|x64.Build.0 = Release|x64
		{D91C8DC2-E375-4067-BCF8-9B0C713E4FBA}.Release|x86.ActiveCfg = Release|Win32
		{D91C8DC2-E375-4067-BCF8-9B0C713E4FBA}.Release|x86.Build.0 = Release|Win32
	EndGlobalSection
	GlobalSection(SolutionProperties) = preSolution
		HideSolutionNode = FALSE
	EndGlobalSection
	GlobalSection(ExtensibilityGlobals) = postSolution
		SolutionGuid = {A7124FDD-58C5-4455-B795-42E0FDA784C6}
	EndGlobalSection
EndGlobal
